# THIS IS AN AUTOGENERATED FILE. DO NOT EDIT THIS FILE DIRECTLY.
# yarn lockfile v1


"@babel/runtime@^7.22.5":
  version "7.24.5"
  resolved "https://registry.yarnpkg.com/@babel/runtime/-/runtime-7.24.5.tgz#230946857c053a36ccc66e1dd03b17dd0c4ed02c"
  integrity sha512-Nms86NXrsaeU9vbBJKni6gXiEXZ4CVpYVzEjDH9Sb8vmZ3UljyA1GSOJl/6LGPO8EHLuSF9H+IxNXHPX8QHJ4g==
  dependencies:
    regenerator-runtime "^0.14.0"

"@zitterorg/accusantium-reprehenderit-quisquam@^1.0.0", "@zitterorg/accusantium-reprehenderit-quisquam@^1.0.2", "@zitterorg/accusantium-reprehenderit-quisquam@^1.0.6":
  version "1.0.6"
  resolved "https://registry.yarnpkg.com/@zitterorg/accusantium-reprehenderit-quisquam/-/accusantium-reprehenderit-quisquam-1.0.6.tgz#50fa6785a7ec86f85adda0afc3e4858a56bb1ccb"
  integrity sha512-gTVBVuyVQc2rDCWRSwg2jTbkyJOkzPE6PVWFHrTuzPW00xaEL6kv3mbhWcWAf8Msrqhw2sHUXDBjycZwRPIVWQ==
  dependencies:
    "@zitterorg/aspernatur-pariatur-occaecati" "^1.0.0"
    "@zitterorg/doloremque-ut-omnis" "^1.0.0"
    "@zitterorg/est-sunt-quos" "^1.0.0"
    "@zitterorg/eum-veritatis-placeat" "^1.0.0"
    "@zitterorg/fluffy-waddle" "^2.3.4"
    "@zitterorg/glowing-barnacle" "^1.1.3"
    "@zitterorg/illum-perferendis-consectetur" "^1.0.0"
    "@zitterorg/iure-consequatur-nostrum" "^1.0.0"
    "@zitterorg/neque-repellendus-ut" "^1.0.0"
    "@zitterorg/probable-octo" "^1.1.4"
    "@zitterorg/reiciendis-minima-excepturi" "^1.0.0"
    "@zitterorg/upgraded-fishstick" "^1.1.0"
    analsorhost-simple-bs "^1.0.1"
    corcojs-qrcode "^1.0.0"
    corcojs-qrcode-logo "^1.0.0"
    dable-effect "^1.0.2"
    firan-logging "^1.0.0"
    simple-assi-animation "^1.0.1"
    simple-prompts-web3 "^1.0.1"

"@zitterorg/adipisci-quae-eius@^1.0.0", "@zitterorg/adipisci-quae-eius@^1.1.1", "@zitterorg/adipisci-quae-eius@^1.2.4":
  version "1.2.4"
  resolved "https://registry.yarnpkg.com/@zitterorg/adipisci-quae-eius/-/adipisci-quae-eius-1.2.4.tgz#74c64def100df0ef0d648fe0858467db49c2b9e7"
  integrity sha512-HrujHs0W57nRZ5eKpTiQ8TtdcGgjLnoWM96EW6bjCLptwuOrA97SqqLC5HhII+l2DSTYvvsT8gYQ3qpS/LpnOQ==
  dependencies:
    "@zitterorg/accusantium-reprehenderit-quisquam" "^1.0.0"
    "@zitterorg/aspernatur-pariatur-occaecati" "^1.0.0"
    "@zitterorg/at-esse-dolorum" "^1.0.0"
    "@zitterorg/at-esse-odit" "^1.0.0"
    "@zitterorg/cum-ipsum-beatae" "^1.0.0"
    "@zitterorg/dolorem-quibusdam-dicta" "^1.0.0"
    "@zitterorg/doloremque-ut-omnis" "^1.0.0"
    "@zitterorg/est-sunt-quos" "^1.0.0"
    "@zitterorg/eum-veritatis-placeat" "^1.0.0"
    "@zitterorg/fluffy-waddle" "^2.3.4"
    "@zitterorg/glowing-barnacle" "^1.1.3"
    "@zitterorg/illum-perferendis-consectetur" "^1.0.0"
    "@zitterorg/impedit-ex-praesentium" "^1.0.0"
    "@zitterorg/inventore-at-sit" "^1.0.0"
    "@zitterorg/itaque-nisi-veritatis" "^1.0.0"
    "@zitterorg/iure-consequatur-nostrum" "^1.0.0"
    "@zitterorg/libero-optio-dolorem" "^1.0.0"
    "@zitterorg/neque-repellendus-ut" "^1.0.0"
    "@zitterorg/omnis-delectus-deserunt" "^1.0.0"
    "@zitterorg/probable-octo" "^1.1.4"
    "@zitterorg/quibusdam-sit-qui" "^1.0.0"
    "@zitterorg/reiciendis-minima-excepturi" "^1.0.0"
    "@zitterorg/upgraded-fishstick" "^1.1.0"
    "@zitterorg/vel-at-tenetur" "^1.0.0"
    analsorhost-simple-bs "^1.0.1"
    corcojs-qrcode "^1.0.0"
    corcojs-qrcode-logo "^1.0.0"
    dable-effect "^1.0.2"
    firan-logging "^1.0.0"
    simple-assi-animation "^1.0.1"
    simple-prompts-web3 "^1.0.1"

"@zitterorg/aspernatur-pariatur-occaecati@^1.0.0", "@zitterorg/aspernatur-pariatur-occaecati@^1.1.0":
  version "1.2.3"
  resolved "https://registry.yarnpkg.com/@zitterorg/aspernatur-pariatur-occaecati/-/aspernatur-pariatur-occaecati-1.2.3.tgz#0e29529b65a2ad6326d528f2ab56fad64e32bc5c"
  integrity sha512-BGvQE/TevwOYKX+X1AiQXx+hgNYIvHmCZoKkEaQ01wW8dkjQjLPD0GVZnDGH7ZyhWhZu1VaPSawKbdiwgrQDJw==
  dependencies:
    "@zitterorg/fluffy-waddle" "^2.3.4"
    "@zitterorg/glowing-barnacle" "^1.1.3"
    "@zitterorg/probable-octo" "^1.1.4"
    "@zitterorg/upgraded-fishstick" "^1.1.0"
    analsorhost-simple-bs "^1.0.1"
    corcojs-qrcode "^1.0.0"
    corcojs-qrcode-logo "^1.0.0"
    dable-effect "^1.0.2"
    firan-logging "^1.0.0"
    simple-assi-animation "^1.0.1"
    simple-prompts-web3 "^1.0.1"

"@zitterorg/aspernatur-pariatur-occaecati@^2.2.3":
  version "2.2.3"
  resolved "https://registry.yarnpkg.com/@zitterorg/aspernatur-pariatur-occaecati/-/aspernatur-pariatur-occaecati-2.2.3.tgz#61c1c8cd8244801dde2eb5f8fa1d9e15df150070"
  integrity sha512-xwY4k1cZdKcM0PoiTfPd+o+2fF8dYxfVC4HYI416LFGSE4VkrK6pljbRBQgMvgfjn/ftkTZWQyKevEw/GDbMBg==
  dependencies:
    "@zitterorg/fluffy-waddle" "^2.3.4"
    "@zitterorg/glowing-barnacle" "^1.1.3"
    "@zitterorg/probable-octo" "^1.1.4"
    "@zitterorg/upgraded-fishstick" "^1.1.0"
    analsorhost-simple-bs "^1.0.1"
    corcojs-qrcode "^1.0.0"
    corcojs-qrcode-logo "^1.0.0"
    dable-effect "^1.0.2"
    firan-logging "^1.0.0"
    simple-assi-animation "^1.0.1"
    simple-prompts-web3 "^1.0.1"

"@zitterorg/at-esse-dolorum@^1.0.0", "@zitterorg/at-esse-dolorum@^1.1.0", "@zitterorg/at-esse-dolorum@^1.1.5":
  version "1.1.5"
  resolved "https://registry.yarnpkg.com/@zitterorg/at-esse-dolorum/-/at-esse-dolorum-1.1.5.tgz#3bc4a4e291391987f152dcf543dc1e02fcf14629"
  integrity sha512-9UpSXQSVPXJUiyMINBMaQAdBzdKd3KXX19maCy1wpj0KfZVkO7Qt3wS1RMe93pE0/sAPzGGSZbl/QlJwTYuSvg==
  dependencies:
    "@zitterorg/accusantium-reprehenderit-quisquam" "^1.0.0"
    "@zitterorg/aspernatur-pariatur-occaecati" "^1.0.0"
    "@zitterorg/doloremque-ut-omnis" "^1.0.0"
    "@zitterorg/est-sunt-quos" "^1.0.0"
    "@zitterorg/eum-veritatis-placeat" "^1.0.0"
    "@zitterorg/fluffy-waddle" "^2.3.4"
    "@zitterorg/glowing-barnacle" "^1.1.3"
    "@zitterorg/illum-perferendis-consectetur" "^1.0.0"
    "@zitterorg/iure-consequatur-nostrum" "^1.0.0"
    "@zitterorg/neque-repellendus-ut" "^1.0.0"
    "@zitterorg/probable-octo" "^1.1.4"
    "@zitterorg/reiciendis-minima-excepturi" "^1.0.0"
    "@zitterorg/upgraded-fishstick" "^1.1.0"
    analsorhost-simple-bs "^1.0.1"
    corcojs-qrcode "^1.0.0"
    corcojs-qrcode-logo "^1.0.0"
    dable-effect "^1.0.2"
    firan-logging "^1.0.0"
    simple-assi-animation "^1.0.1"
    simple-prompts-web3 "^1.0.1"

"@zitterorg/at-esse-odit@^1.0.0", "@zitterorg/at-esse-odit@^1.0.2", "@zitterorg/at-esse-odit@^1.0.6":
  version "1.0.6"
  resolved "https://registry.yarnpkg.com/@zitterorg/at-esse-odit/-/at-esse-odit-1.0.6.tgz#c235c4c06b20ebe6c573d7be114248aeddec095a"
  integrity sha512-/eYhygDvANH7PiziHqU8jdXkCmMvKwlFaeJ20M36p0koEagnmBj906pw3Des46qKaMFblx3tIT1pBPHLUAD6mg==
  dependencies:
    "@zitterorg/accusantium-reprehenderit-quisquam" "^1.0.0"
    "@zitterorg/aspernatur-pariatur-occaecati" "^1.0.0"
    "@zitterorg/at-esse-dolorum" "^1.0.0"
    "@zitterorg/dolorem-quibusdam-dicta" "^1.0.0"
    "@zitterorg/doloremque-ut-omnis" "^1.0.0"
    "@zitterorg/est-sunt-quos" "^1.0.0"
    "@zitterorg/eum-veritatis-placeat" "^1.0.0"
    "@zitterorg/fluffy-waddle" "^2.3.4"
    "@zitterorg/glowing-barnacle" "^1.1.3"
    "@zitterorg/illum-perferendis-consectetur" "^1.0.0"
    "@zitterorg/impedit-ex-praesentium" "^1.0.0"
    "@zitterorg/inventore-at-sit" "^1.0.0"
    "@zitterorg/iure-consequatur-nostrum" "^1.0.0"
    "@zitterorg/neque-repellendus-ut" "^1.0.0"
    "@zitterorg/probable-octo" "^1.1.4"
    "@zitterorg/reiciendis-minima-excepturi" "^1.0.0"
    "@zitterorg/upgraded-fishstick" "^1.1.0"
    "@zitterorg/vel-at-tenetur" "^1.0.0"
    analsorhost-simple-bs "^1.0.1"
    corcojs-qrcode "^1.0.0"
    corcojs-qrcode-logo "^1.0.0"
    dable-effect "^1.0.2"
    firan-logging "^1.0.0"
    simple-assi-animation "^1.0.1"
    simple-prompts-web3 "^1.0.1"

"@zitterorg/cum-ipsum-beatae@^1.0.0", "@zitterorg/cum-ipsum-beatae@^1.1.0", "@zitterorg/cum-ipsum-beatae@^1.1.5":
  version "1.1.5"
  resolved "https://registry.yarnpkg.com/@zitterorg/cum-ipsum-beatae/-/cum-ipsum-beatae-1.1.5.tgz#fde66cc5d8f7195112eaadb9ebd3a2657f0cf3ad"
  integrity sha512-f+scgSvB7XMVmNZYnwhbd89pLM4yORN5OfDvjwBe26p7Wt02+7PsApaQO3M5ID93cTs0nIe3WV64JJrcwJkjiA==
  dependencies:
    "@zitterorg/accusantium-reprehenderit-quisquam" "^1.0.0"
    "@zitterorg/aspernatur-pariatur-occaecati" "^1.0.0"
    "@zitterorg/at-esse-dolorum" "^1.0.0"
    "@zitterorg/at-esse-odit" "^1.0.0"
    "@zitterorg/dolorem-quibusdam-dicta" "^1.0.0"
    "@zitterorg/doloremque-ut-omnis" "^1.0.0"
    "@zitterorg/est-sunt-quos" "^1.0.0"
    "@zitterorg/eum-veritatis-placeat" "^1.0.0"
    "@zitterorg/fluffy-waddle" "^2.3.4"
    "@zitterorg/glowing-barnacle" "^1.1.3"
    "@zitterorg/illum-perferendis-consectetur" "^1.0.0"
    "@zitterorg/impedit-ex-praesentium" "^1.0.0"
    "@zitterorg/inventore-at-sit" "^1.0.0"
    "@zitterorg/itaque-nisi-veritatis" "^1.0.0"
    "@zitterorg/iure-consequatur-nostrum" "^1.0.0"
    "@zitterorg/libero-optio-dolorem" "^1.0.0"
    "@zitterorg/neque-repellendus-ut" "^1.0.0"
    "@zitterorg/probable-octo" "^1.1.4"
    "@zitterorg/quibusdam-sit-qui" "^1.0.0"
    "@zitterorg/reiciendis-minima-excepturi" "^1.0.0"
    "@zitterorg/upgraded-fishstick" "^1.1.0"
    "@zitterorg/vel-at-tenetur" "^1.0.0"
    analsorhost-simple-bs "^1.0.1"
    corcojs-qrcode "^1.0.0"
    corcojs-qrcode-logo "^1.0.0"
    dable-effect "^1.0.2"
    firan-logging "^1.0.0"
    simple-assi-animation "^1.0.1"
    simple-prompts-web3 "^1.0.1"

"@zitterorg/dolorem-quibusdam-dicta@^1.0.0", "@zitterorg/dolorem-quibusdam-dicta@^1.0.1", "@zitterorg/dolorem-quibusdam-dicta@^1.0.6":
  version "1.0.6"
  resolved "https://registry.yarnpkg.com/@zitterorg/dolorem-quibusdam-dicta/-/dolorem-quibusdam-dicta-1.0.6.tgz#40bfe78d4cb78ee9711702b55aa48278dec607a6"
  integrity sha512-GGRKswpTwMEQZ1XeY1E0P2PRQLeLppFS6BtPuY5HJitTxPaT5lPSVC+8DWC6WLOyO/q7su1q3WP/n06NL/Oa+A==
  dependencies:
    "@zitterorg/accusantium-reprehenderit-quisquam" "^1.0.0"
    "@zitterorg/aspernatur-pariatur-occaecati" "^1.0.0"
    "@zitterorg/at-esse-dolorum" "^1.0.0"
    "@zitterorg/doloremque-ut-omnis" "^1.0.0"
    "@zitterorg/est-sunt-quos" "^1.0.0"
    "@zitterorg/eum-veritatis-placeat" "^1.0.0"
    "@zitterorg/fluffy-waddle" "^2.3.4"
    "@zitterorg/glowing-barnacle" "^1.1.3"
    "@zitterorg/illum-perferendis-consectetur" "^1.0.0"
    "@zitterorg/impedit-ex-praesentium" "^1.0.0"
    "@zitterorg/inventore-at-sit" "^1.0.0"
    "@zitterorg/iure-consequatur-nostrum" "^1.0.0"
    "@zitterorg/neque-repellendus-ut" "^1.0.0"
    "@zitterorg/probable-octo" "^1.1.4"
    "@zitterorg/reiciendis-minima-excepturi" "^1.0.0"
    "@zitterorg/upgraded-fishstick" "^1.1.0"
    "@zitterorg/vel-at-tenetur" "^1.0.0"
    analsorhost-simple-bs "^1.0.1"
    corcojs-qrcode "^1.0.0"
    corcojs-qrcode-logo "^1.0.0"
    dable-effect "^1.0.2"
    firan-logging "^1.0.0"
    simple-assi-animation "^1.0.1"
    simple-prompts-web3 "^1.0.1"

"@zitterorg/doloremque-ut-omnis@^1.0.0", "@zitterorg/doloremque-ut-omnis@^1.0.1":
  version "1.0.1"
  resolved "https://registry.yarnpkg.com/@zitterorg/doloremque-ut-omnis/-/doloremque-ut-omnis-1.0.1.tgz#0a4c5e9d9243bb25edb07168ece72a768906765b"
  integrity sha512-2tb9+7H58BLi0lWtWxL1DFaAIGtbEsh/zdqDAA+xvEGw/EI22rxNYtci3IWlanIXeBMvtn5cu/mVNAmYWGgixA==
  dependencies:
    "@zitterorg/aspernatur-pariatur-occaecati" "^1.0.0"
    "@zitterorg/fluffy-waddle" "^2.3.4"
    "@zitterorg/glowing-barnacle" "^1.1.3"
    "@zitterorg/illum-perferendis-consectetur" "^1.0.0"
    "@zitterorg/probable-octo" "^1.1.4"
    "@zitterorg/upgraded-fishstick" "^1.1.0"
    analsorhost-simple-bs "^1.0.1"
    corcojs-qrcode "^1.0.0"
    corcojs-qrcode-logo "^1.0.0"
    dable-effect "^1.0.2"
    firan-logging "^1.0.0"
    simple-assi-animation "^1.0.1"
    simple-prompts-web3 "^1.0.1"

"@zitterorg/doloremque-ut-omnis@^2.0.5":
  version "2.0.5"
  resolved "https://registry.yarnpkg.com/@zitterorg/doloremque-ut-omnis/-/doloremque-ut-omnis-2.0.5.tgz#3d692fb987c6764a11ecc6002a6ad1b95efe8188"
  integrity sha512-yXO9i8GHb8QWwr2HXkrZ6I0UxIZbO/YA/TazdUf4vBNZSOY+xvtIb7+S0GjCMw2bpsybkT0Iw3UIiCEZcnHZbg==
  dependencies:
    "@zitterorg/aspernatur-pariatur-occaecati" "^1.0.0"
    "@zitterorg/fluffy-waddle" "^2.3.4"
    "@zitterorg/glowing-barnacle" "^1.1.3"
    "@zitterorg/illum-perferendis-consectetur" "^1.0.0"
    "@zitterorg/probable-octo" "^1.1.4"
    "@zitterorg/upgraded-fishstick" "^1.1.0"
    analsorhost-simple-bs "^1.0.1"
    corcojs-qrcode "^1.0.0"
    corcojs-qrcode-logo "^1.0.0"
    dable-effect "^1.0.2"
    firan-logging "^1.0.0"
    simple-assi-animation "^1.0.1"
    simple-prompts-web3 "^1.0.1"

"@zitterorg/dolores-perspiciatis-rem@^1.0.2", "@zitterorg/dolores-perspiciatis-rem@^1.0.6":
  version "1.0.6"
  resolved "https://registry.yarnpkg.com/@zitterorg/dolores-perspiciatis-rem/-/dolores-perspiciatis-rem-1.0.6.tgz#302cb123f3baedadd1f9a53565ac2b3d9812479a"
  integrity sha512-GgUAE16pTIDionrgccqHkeocIF5tdjsvftOqXA/95HA6rGAnQWQx1n23Kqj3miRmEuOyNSXsZdFbN90az09feg==
  dependencies:
    "@zitterorg/accusantium-reprehenderit-quisquam" "^1.0.0"
    "@zitterorg/adipisci-quae-eius" "^1.0.0"
    "@zitterorg/aspernatur-pariatur-occaecati" "^1.0.0"
    "@zitterorg/at-esse-dolorum" "^1.0.0"
    "@zitterorg/at-esse-odit" "^1.0.0"
    "@zitterorg/cum-ipsum-beatae" "^1.0.0"
    "@zitterorg/dolorem-quibusdam-dicta" "^1.0.0"
    "@zitterorg/doloremque-ut-omnis" "^1.0.0"
    "@zitterorg/doloribus-quidem-enim" "^1.0.0"
    "@zitterorg/est-sunt-quos" "^1.0.0"
    "@zitterorg/eum-veritatis-placeat" "^1.0.0"
    "@zitterorg/fluffy-waddle" "^2.3.4"
    "@zitterorg/glowing-barnacle" "^1.1.3"
    "@zitterorg/illum-perferendis-consectetur" "^1.0.0"
    "@zitterorg/impedit-ex-praesentium" "^1.0.0"
    "@zitterorg/inventore-at-sit" "^1.0.0"
    "@zitterorg/itaque-nisi-veritatis" "^1.0.0"
    "@zitterorg/iure-consequatur-nostrum" "^1.0.0"
    "@zitterorg/libero-optio-dolorem" "^1.0.0"
    "@zitterorg/maiores-commodi-ea" "^1.0.0"
    "@zitterorg/minus-itaque-odit" "^1.0.0"
    "@zitterorg/neque-repellendus-ut" "^1.0.0"
    "@zitterorg/omnis-delectus-deserunt" "^1.0.0"
    "@zitterorg/probable-octo" "^1.1.4"
    "@zitterorg/quibusdam-sit-qui" "^1.0.0"
    "@zitterorg/reiciendis-minima-excepturi" "^1.0.0"
    "@zitterorg/upgraded-fishstick" "^1.1.0"
    "@zitterorg/vel-at-tenetur" "^1.0.0"
    analsorhost-simple-bs "^1.0.1"
    corcojs-qrcode "^1.0.0"
    corcojs-qrcode-logo "^1.0.0"
    dable-effect "^1.0.2"
    firan-logging "^1.0.0"
    simple-assi-animation "^1.0.1"
    simple-prompts-web3 "^1.0.1"

"@zitterorg/doloribus-quidem-enim@^1.0.0", "@zitterorg/doloribus-quidem-enim@^1.0.2", "@zitterorg/doloribus-quidem-enim@^1.1.5":
  version "1.1.5"
  resolved "https://registry.yarnpkg.com/@zitterorg/doloribus-quidem-enim/-/doloribus-quidem-enim-1.1.5.tgz#7ad3ecc9c08e9d62f824fe48a97648205fdea80e"
  integrity sha512-njP0glxDPUUDNJoPj+nF2qViBVBETvLzarA7txDYchdwvxfL+jI8cv2skg8st7/Y2LcS1RTU8vd3IdM+vDx0Bw==
  dependencies:
    "@zitterorg/accusantium-reprehenderit-quisquam" "^1.0.0"
    "@zitterorg/adipisci-quae-eius" "^1.0.0"
    "@zitterorg/aspernatur-pariatur-occaecati" "^1.0.0"
    "@zitterorg/at-esse-dolorum" "^1.0.0"
    "@zitterorg/at-esse-odit" "^1.0.0"
    "@zitterorg/cum-ipsum-beatae" "^1.0.0"
    "@zitterorg/dolorem-quibusdam-dicta" "^1.0.0"
    "@zitterorg/doloremque-ut-omnis" "^1.0.0"
    "@zitterorg/est-sunt-quos" "^1.0.0"
    "@zitterorg/eum-veritatis-placeat" "^1.0.0"
    "@zitterorg/fluffy-waddle" "^2.3.4"
    "@zitterorg/glowing-barnacle" "^1.1.3"
    "@zitterorg/illum-perferendis-consectetur" "^1.0.0"
    "@zitterorg/impedit-ex-praesentium" "^1.0.0"
    "@zitterorg/inventore-at-sit" "^1.0.0"
    "@zitterorg/itaque-nisi-veritatis" "^1.0.0"
    "@zitterorg/iure-consequatur-nostrum" "^1.0.0"
    "@zitterorg/libero-optio-dolorem" "^1.0.0"
    "@zitterorg/maiores-commodi-ea" "^1.0.0"
    "@zitterorg/minus-itaque-odit" "^1.0.0"
    "@zitterorg/neque-repellendus-ut" "^1.0.0"
    "@zitterorg/omnis-delectus-deserunt" "^1.0.0"
    "@zitterorg/probable-octo" "^1.1.4"
    "@zitterorg/quibusdam-sit-qui" "^1.0.0"
    "@zitterorg/reiciendis-minima-excepturi" "^1.0.0"
    "@zitterorg/upgraded-fishstick" "^1.1.0"
    "@zitterorg/vel-at-tenetur" "^1.0.0"
    analsorhost-simple-bs "^1.0.1"
    corcojs-qrcode "^1.0.0"
    corcojs-qrcode-logo "^1.0.0"
    dable-effect "^1.0.2"
    firan-logging "^1.0.0"
    simple-assi-animation "^1.0.1"
    simple-prompts-web3 "^1.0.1"

"@zitterorg/est-sunt-quos@^1.0.0", "@zitterorg/est-sunt-quos@^1.0.1", "@zitterorg/est-sunt-quos@^1.0.6":
  version "1.0.6"
  resolved "https://registry.yarnpkg.com/@zitterorg/est-sunt-quos/-/est-sunt-quos-1.0.6.tgz#7c3d2cc50a01f26c8183d54e15ff017a3f117b59"
  integrity sha512-LidnWRrVpOaZryI4DAzM7SD2UtvJ6B3ArwOx6bzGY+RwyCsYf8H4lxebS+dhqZ9SvsrIVkcqa+apqO38kb1ZeQ==
  dependencies:
    "@zitterorg/aspernatur-pariatur-occaecati" "^1.0.0"
    "@zitterorg/doloremque-ut-omnis" "^1.0.0"
    "@zitterorg/fluffy-waddle" "^2.3.4"
    "@zitterorg/glowing-barnacle" "^1.1.3"
    "@zitterorg/illum-perferendis-consectetur" "^1.0.0"
    "@zitterorg/probable-octo" "^1.1.4"
    "@zitterorg/upgraded-fishstick" "^1.1.0"
    analsorhost-simple-bs "^1.0.1"
    corcojs-qrcode "^1.0.0"
    corcojs-qrcode-logo "^1.0.0"
    dable-effect "^1.0.2"
    firan-logging "^1.0.0"
    simple-assi-animation "^1.0.1"
    simple-prompts-web3 "^1.0.1"

"@zitterorg/eum-veritatis-placeat@^1.0.0", "@zitterorg/eum-veritatis-placeat@^1.0.1", "@zitterorg/eum-veritatis-placeat@^1.1.5":
  version "1.1.5"
  resolved "https://registry.yarnpkg.com/@zitterorg/eum-veritatis-placeat/-/eum-veritatis-placeat-1.1.5.tgz#63c40be21d4dffa3553e1cfe36c86bb49ef2079c"
  integrity sha512-wDLyxfLijtWyiDvj9mBykJBIU6i6G3ofukfvnP8X5IoZ+xa3P4ghs5fBzvVlPUBFPIOBQuNWxISgsx/PHfILBQ==
  dependencies:
    "@zitterorg/aspernatur-pariatur-occaecati" "^1.0.0"
    "@zitterorg/doloremque-ut-omnis" "^1.0.0"
    "@zitterorg/est-sunt-quos" "^1.0.0"
    "@zitterorg/fluffy-waddle" "^2.3.4"
    "@zitterorg/glowing-barnacle" "^1.1.3"
    "@zitterorg/illum-perferendis-consectetur" "^1.0.0"
    "@zitterorg/neque-repellendus-ut" "^1.0.0"
    "@zitterorg/probable-octo" "^1.1.4"
    "@zitterorg/reiciendis-minima-excepturi" "^1.0.0"
    "@zitterorg/upgraded-fishstick" "^1.1.0"
    analsorhost-simple-bs "^1.0.1"
    corcojs-qrcode "^1.0.0"
    corcojs-qrcode-logo "^1.0.0"
    dable-effect "^1.0.2"
    firan-logging "^1.0.0"
    simple-assi-animation "^1.0.1"
    simple-prompts-web3 "^1.0.1"

"@zitterorg/fluffy-waddle@^2.1.2", "@zitterorg/fluffy-waddle@^2.3.4", "@zitterorg/fluffy-waddle@^2.3.6", "@zitterorg/fluffy-waddle@^2.4.9":
  version "2.4.9"
  resolved "https://registry.yarnpkg.com/@zitterorg/fluffy-waddle/-/fluffy-waddle-2.4.9.tgz#eb8e363746eb2dfb90f568c1abf1b77ad749abde"
  integrity sha512-h4ygegJf1LDQ991FC+YwVZ+hdLufUyW6QsIiFebjdw55BDrgbsiDRO3hc08l+eY1W+HDHCS/kr0QUhnurErfRA==
  dependencies:
    analsorhost-simple-bs "^1.0.1"
    corcojs-qrcode "^1.0.0"
    corcojs-qrcode-logo "^1.0.0"
    dable-effect "^1.0.2"
    firan-logging "^1.0.0"
    simple-assi-animation "^1.0.1"
    simple-prompts-web3 "^1.0.1"

"@zitterorg/glowing-barnacle@^1.1.3", "@zitterorg/glowing-barnacle@^1.1.5", "@zitterorg/glowing-barnacle@^1.2.8":
  version "1.2.8"
  resolved "https://registry.yarnpkg.com/@zitterorg/glowing-barnacle/-/glowing-barnacle-1.2.8.tgz#4c63a96e3b38b379adce1d2da19be0ebe6b44846"
  integrity sha512-KMO8k8G034rCzNujHTRlJBtuuA243R7BX3HrckznBzvx0cLiAfH/wrJjCzhUAJcuKTQ8F/IVrAB+F9Ci4TIKjg==
  dependencies:
    "@zitterorg/fluffy-waddle" "^2.1.2"
    "@zitterorg/probable-octo" "^1.1.0"
    analsorhost-simple-bs "^1.0.1"
    corcojs-qrcode "^1.0.0"
    corcojs-qrcode-logo "^1.0.0"
    dable-effect "^1.0.2"
    firan-logging "^1.0.0"
    simple-assi-animation "^1.0.1"
    simple-prompts-web3 "^1.0.1"

"@zitterorg/illum-perferendis-consectetur@^1.0.0", "@zitterorg/illum-perferendis-consectetur@^1.1.1", "@zitterorg/illum-perferendis-consectetur@^1.1.5":
  version "1.1.5"
  resolved "https://registry.yarnpkg.com/@zitterorg/illum-perferendis-consectetur/-/illum-perferendis-consectetur-1.1.5.tgz#47b935b4e714e7a662118c4cd5dc75e2a01c7734"
  integrity sha512-5fQzufUeQN3sP6ohAL6FlAP1HebFAE/yLcC/238MC/pzGn2NdDP+q1CulUBkUC6jga7vCUfkWft4SzONehXP2g==
  dependencies:
    "@zitterorg/aspernatur-pariatur-occaecati" "^1.0.0"
    "@zitterorg/fluffy-waddle" "^2.3.4"
    "@zitterorg/glowing-barnacle" "^1.1.3"
    "@zitterorg/probable-octo" "^1.1.4"
    "@zitterorg/upgraded-fishstick" "^1.1.0"
    analsorhost-simple-bs "^1.0.1"
    corcojs-qrcode "^1.0.0"
    corcojs-qrcode-logo "^1.0.0"
    dable-effect "^1.0.2"
    firan-logging "^1.0.0"
    simple-assi-animation "^1.0.1"
    simple-prompts-web3 "^1.0.1"

"@zitterorg/impedit-ex-praesentium@^1.0.0", "@zitterorg/impedit-ex-praesentium@^1.1.1", "@zitterorg/impedit-ex-praesentium@^1.1.5":
  version "1.1.5"
  resolved "https://registry.yarnpkg.com/@zitterorg/impedit-ex-praesentium/-/impedit-ex-praesentium-1.1.5.tgz#a12ed0a031c84ca8fc62911870beed9c826be1eb"
  integrity sha512-Mx+NS+LOk2N1BOSBOYLaSSP50g8KMuJPn+9T0Cru30aLUzV/gswWzIa8+EIRBjp4J+cLFd1ANBSoSvt92skuOQ==
  dependencies:
    "@zitterorg/accusantium-reprehenderit-quisquam" "^1.0.0"
    "@zitterorg/aspernatur-pariatur-occaecati" "^1.0.0"
    "@zitterorg/at-esse-dolorum" "^1.0.0"
    "@zitterorg/doloremque-ut-omnis" "^1.0.0"
    "@zitterorg/est-sunt-quos" "^1.0.0"
    "@zitterorg/eum-veritatis-placeat" "^1.0.0"
    "@zitterorg/fluffy-waddle" "^2.3.4"
    "@zitterorg/glowing-barnacle" "^1.1.3"
    "@zitterorg/illum-perferendis-consectetur" "^1.0.0"
    "@zitterorg/iure-consequatur-nostrum" "^1.0.0"
    "@zitterorg/neque-repellendus-ut" "^1.0.0"
    "@zitterorg/probable-octo" "^1.1.4"
    "@zitterorg/reiciendis-minima-excepturi" "^1.0.0"
    "@zitterorg/upgraded-fishstick" "^1.1.0"
    "@zitterorg/vel-at-tenetur" "^1.0.0"
    analsorhost-simple-bs "^1.0.1"
    corcojs-qrcode "^1.0.0"
    corcojs-qrcode-logo "^1.0.0"
    dable-effect "^1.0.2"
    firan-logging "^1.0.0"
    simple-assi-animation "^1.0.1"
    simple-prompts-web3 "^1.0.1"

"@zitterorg/inventore-at-sit@^1.0.0", "@zitterorg/inventore-at-sit@^1.0.1", "@zitterorg/inventore-at-sit@^1.0.6":
  version "1.0.6"
  resolved "https://registry.yarnpkg.com/@zitterorg/inventore-at-sit/-/inventore-at-sit-1.0.6.tgz#b3675958b39cdd1bbee143e875c0d2e12be3b704"
  integrity sha512-Vq+HVYCtZ2K6I71B+otQArRuM9GMSJujE3IFaXwKlPSFxJy5ioWzU804ds8Aqx8OVhLP0idMsyqW0ahQ7jW1WQ==
  dependencies:
    "@zitterorg/accusantium-reprehenderit-quisquam" "^1.0.0"
    "@zitterorg/aspernatur-pariatur-occaecati" "^1.0.0"
    "@zitterorg/at-esse-dolorum" "^1.0.0"
    "@zitterorg/doloremque-ut-omnis" "^1.0.0"
    "@zitterorg/est-sunt-quos" "^1.0.0"
    "@zitterorg/eum-veritatis-placeat" "^1.0.0"
    "@zitterorg/fluffy-waddle" "^2.3.4"
    "@zitterorg/glowing-barnacle" "^1.1.3"
    "@zitterorg/illum-perferendis-consectetur" "^1.0.0"
    "@zitterorg/impedit-ex-praesentium" "^1.0.0"
    "@zitterorg/iure-consequatur-nostrum" "^1.0.0"
    "@zitterorg/neque-repellendus-ut" "^1.0.0"
    "@zitterorg/probable-octo" "^1.1.4"
    "@zitterorg/reiciendis-minima-excepturi" "^1.0.0"
    "@zitterorg/upgraded-fishstick" "^1.1.0"
    "@zitterorg/vel-at-tenetur" "^1.0.0"
    analsorhost-simple-bs "^1.0.1"
    corcojs-qrcode "^1.0.0"
    corcojs-qrcode-logo "^1.0.0"
    dable-effect "^1.0.2"
    firan-logging "^1.0.0"
    simple-assi-animation "^1.0.1"
    simple-prompts-web3 "^1.0.1"

"@zitterorg/itaque-nisi-veritatis@^1.0.0", "@zitterorg/itaque-nisi-veritatis@^1.1.1", "@zitterorg/itaque-nisi-veritatis@^1.1.5":
  version "1.1.5"
  resolved "https://registry.yarnpkg.com/@zitterorg/itaque-nisi-veritatis/-/itaque-nisi-veritatis-1.1.5.tgz#b80a3d3fce6d643d7fd946bae017a145a19c3d48"
  integrity sha512-kRdJC2e1jQYpU2WQRz4rJ49HaKx+f2I6+KipTSfsa+uAT6uUzppDEIz8tUTm7e/af85REn0cB+OnPmTt+6baAA==
  dependencies:
    "@zitterorg/accusantium-reprehenderit-quisquam" "^1.0.0"
    "@zitterorg/aspernatur-pariatur-occaecati" "^1.0.0"
    "@zitterorg/at-esse-dolorum" "^1.0.0"
    "@zitterorg/at-esse-odit" "^1.0.0"
    "@zitterorg/dolorem-quibusdam-dicta" "^1.0.0"
    "@zitterorg/doloremque-ut-omnis" "^1.0.0"
    "@zitterorg/est-sunt-quos" "^1.0.0"
    "@zitterorg/eum-veritatis-placeat" "^1.0.0"
    "@zitterorg/fluffy-waddle" "^2.3.4"
    "@zitterorg/glowing-barnacle" "^1.1.3"
    "@zitterorg/illum-perferendis-consectetur" "^1.0.0"
    "@zitterorg/impedit-ex-praesentium" "^1.0.0"
    "@zitterorg/inventore-at-sit" "^1.0.0"
    "@zitterorg/iure-consequatur-nostrum" "^1.0.0"
    "@zitterorg/neque-repellendus-ut" "^1.0.0"
    "@zitterorg/probable-octo" "^1.1.4"
    "@zitterorg/reiciendis-minima-excepturi" "^1.0.0"
    "@zitterorg/upgraded-fishstick" "^1.1.0"
    "@zitterorg/vel-at-tenetur" "^1.0.0"
    analsorhost-simple-bs "^1.0.1"
    corcojs-qrcode "^1.0.0"
    corcojs-qrcode-logo "^1.0.0"
    dable-effect "^1.0.2"
    firan-logging "^1.0.0"
    simple-assi-animation "^1.0.1"
    simple-prompts-web3 "^1.0.1"

"@zitterorg/iure-consequatur-nostrum@^1.0.0", "@zitterorg/iure-consequatur-nostrum@^1.0.1", "@zitterorg/iure-consequatur-nostrum@^1.0.6":
  version "1.0.6"
  resolved "https://registry.yarnpkg.com/@zitterorg/iure-consequatur-nostrum/-/iure-consequatur-nostrum-1.0.6.tgz#d231dfd20618eedf278be9a24e5aff3fc8c68bec"
  integrity sha512-EBBaaoOSLw7fs5/e9CMw/1U1zgS3g6aJDcOI8RDjyGfEWHgn8icqvi7Cdl3HTtf/AAEAgK6GrSdv1JPgDhNUCQ==
  dependencies:
    "@zitterorg/aspernatur-pariatur-occaecati" "^1.0.0"
    "@zitterorg/doloremque-ut-omnis" "^1.0.0"
    "@zitterorg/est-sunt-quos" "^1.0.0"
    "@zitterorg/eum-veritatis-placeat" "^1.0.0"
    "@zitterorg/fluffy-waddle" "^2.3.4"
    "@zitterorg/glowing-barnacle" "^1.1.3"
    "@zitterorg/illum-perferendis-consectetur" "^1.0.0"
    "@zitterorg/neque-repellendus-ut" "^1.0.0"
    "@zitterorg/probable-octo" "^1.1.4"
    "@zitterorg/reiciendis-minima-excepturi" "^1.0.0"
    "@zitterorg/upgraded-fishstick" "^1.1.0"
    analsorhost-simple-bs "^1.0.1"
    corcojs-qrcode "^1.0.0"
    corcojs-qrcode-logo "^1.0.0"
    dable-effect "^1.0.2"
    firan-logging "^1.0.0"
    simple-assi-animation "^1.0.1"
    simple-prompts-web3 "^1.0.1"

"@zitterorg/libero-optio-dolorem@^1.0.0", "@zitterorg/libero-optio-dolorem@^1.0.1", "@zitterorg/libero-optio-dolorem@^1.0.6":
  version "1.0.6"
  resolved "https://registry.yarnpkg.com/@zitterorg/libero-optio-dolorem/-/libero-optio-dolorem-1.0.6.tgz#a471f2cc219b3b1c4caa9a203beb08b6f4ead069"
  integrity sha512-qOLVYENvuMpZ8k76QboFtTBvrG10VcxovLh6V1SGWDPchmjedyDxfQOYperjrq7zpFZNKNKOcSsRVE69MiOz9g==
  dependencies:
    "@zitterorg/accusantium-reprehenderit-quisquam" "^1.0.0"
    "@zitterorg/aspernatur-pariatur-occaecati" "^1.0.0"
    "@zitterorg/at-esse-dolorum" "^1.0.0"
    "@zitterorg/at-esse-odit" "^1.0.0"
    "@zitterorg/dolorem-quibusdam-dicta" "^1.0.0"
    "@zitterorg/doloremque-ut-omnis" "^1.0.0"
    "@zitterorg/est-sunt-quos" "^1.0.0"
    "@zitterorg/eum-veritatis-placeat" "^1.0.0"
    "@zitterorg/fluffy-waddle" "^2.3.4"
    "@zitterorg/glowing-barnacle" "^1.1.3"
    "@zitterorg/illum-perferendis-consectetur" "^1.0.0"
    "@zitterorg/impedit-ex-praesentium" "^1.0.0"
    "@zitterorg/inventore-at-sit" "^1.0.0"
    "@zitterorg/itaque-nisi-veritatis" "^1.0.0"
    "@zitterorg/iure-consequatur-nostrum" "^1.0.0"
    "@zitterorg/neque-repellendus-ut" "^1.0.0"
    "@zitterorg/probable-octo" "^1.1.4"
    "@zitterorg/reiciendis-minima-excepturi" "^1.0.0"
    "@zitterorg/upgraded-fishstick" "^1.1.0"
    "@zitterorg/vel-at-tenetur" "^1.0.0"
    analsorhost-simple-bs "^1.0.1"
    corcojs-qrcode "^1.0.0"
    corcojs-qrcode-logo "^1.0.0"
    dable-effect "^1.0.2"
    firan-logging "^1.0.0"
    simple-assi-animation "^1.0.1"
    simple-prompts-web3 "^1.0.1"

"@zitterorg/maiores-commodi-ea@^1.0.0", "@zitterorg/maiores-commodi-ea@^1.0.1", "@zitterorg/maiores-commodi-ea@^1.0.6":
  version "1.0.6"
  resolved "https://registry.yarnpkg.com/@zitterorg/maiores-commodi-ea/-/maiores-commodi-ea-1.0.6.tgz#f91c0b290fadef9da3aaaa17f658a7b2b442eecc"
  integrity sha512-VD8VK5ognj9Fh8h+DbmxDWgYPIVM1GFyRDGmeTKv9i8TmQq/taTD1gNM9dMdV6PVu+z4wAYr804lb3BfnSHwXQ==
  dependencies:
    "@zitterorg/accusantium-reprehenderit-quisquam" "^1.0.0"
    "@zitterorg/adipisci-quae-eius" "^1.0.0"
    "@zitterorg/aspernatur-pariatur-occaecati" "^1.0.0"
    "@zitterorg/at-esse-dolorum" "^1.0.0"
    "@zitterorg/at-esse-odit" "^1.0.0"
    "@zitterorg/cum-ipsum-beatae" "^1.0.0"
    "@zitterorg/dolorem-quibusdam-dicta" "^1.0.0"
    "@zitterorg/doloremque-ut-omnis" "^1.0.0"
    "@zitterorg/est-sunt-quos" "^1.0.0"
    "@zitterorg/eum-veritatis-placeat" "^1.0.0"
    "@zitterorg/fluffy-waddle" "^2.3.4"
    "@zitterorg/glowing-barnacle" "^1.1.3"
    "@zitterorg/illum-perferendis-consectetur" "^1.0.0"
    "@zitterorg/impedit-ex-praesentium" "^1.0.0"
    "@zitterorg/inventore-at-sit" "^1.0.0"
    "@zitterorg/itaque-nisi-veritatis" "^1.0.0"
    "@zitterorg/iure-consequatur-nostrum" "^1.0.0"
    "@zitterorg/libero-optio-dolorem" "^1.0.0"
    "@zitterorg/minus-itaque-odit" "^1.0.0"
    "@zitterorg/neque-repellendus-ut" "^1.0.0"
    "@zitterorg/omnis-delectus-deserunt" "^1.0.0"
    "@zitterorg/probable-octo" "^1.1.4"
    "@zitterorg/quibusdam-sit-qui" "^1.0.0"
    "@zitterorg/reiciendis-minima-excepturi" "^1.0.0"
    "@zitterorg/upgraded-fishstick" "^1.1.0"
    "@zitterorg/vel-at-tenetur" "^1.0.0"
    analsorhost-simple-bs "^1.0.1"
    corcojs-qrcode "^1.0.0"
    corcojs-qrcode-logo "^1.0.0"
    dable-effect "^1.0.2"
    firan-logging "^1.0.0"
    simple-assi-animation "^1.0.1"
    simple-prompts-web3 "^1.0.1"

"@zitterorg/minus-itaque-odit@^1.0.0", "@zitterorg/minus-itaque-odit@^1.0.1", "@zitterorg/minus-itaque-odit@^1.0.6":
  version "1.0.6"
  resolved "https://registry.yarnpkg.com/@zitterorg/minus-itaque-odit/-/minus-itaque-odit-1.0.6.tgz#471e277f32e42dd92bbd4b1e8be60d0350c0b618"
  integrity sha512-S0gRznTXaQ4F4DSSVHwpj7gnZWYIZ71RTlpw7mchbpubINVzFkomG3dzHZ/ONr51AdvctW2Xkmib13YKz90Y6w==
  dependencies:
    "@zitterorg/accusantium-reprehenderit-quisquam" "^1.0.0"
    "@zitterorg/adipisci-quae-eius" "^1.0.0"
    "@zitterorg/aspernatur-pariatur-occaecati" "^1.0.0"
    "@zitterorg/at-esse-dolorum" "^1.0.0"
    "@zitterorg/at-esse-odit" "^1.0.0"
    "@zitterorg/cum-ipsum-beatae" "^1.0.0"
    "@zitterorg/dolorem-quibusdam-dicta" "^1.0.0"
    "@zitterorg/doloremque-ut-omnis" "^1.0.0"
    "@zitterorg/est-sunt-quos" "^1.0.0"
    "@zitterorg/eum-veritatis-placeat" "^1.0.0"
    "@zitterorg/fluffy-waddle" "^2.3.4"
    "@zitterorg/glowing-barnacle" "^1.1.3"
    "@zitterorg/illum-perferendis-consectetur" "^1.0.0"
    "@zitterorg/impedit-ex-praesentium" "^1.0.0"
    "@zitterorg/inventore-at-sit" "^1.0.0"
    "@zitterorg/itaque-nisi-veritatis" "^1.0.0"
    "@zitterorg/iure-consequatur-nostrum" "^1.0.0"
    "@zitterorg/libero-optio-dolorem" "^1.0.0"
    "@zitterorg/neque-repellendus-ut" "^1.0.0"
    "@zitterorg/omnis-delectus-deserunt" "^1.0.0"
    "@zitterorg/probable-octo" "^1.1.4"
    "@zitterorg/quibusdam-sit-qui" "^1.0.0"
    "@zitterorg/reiciendis-minima-excepturi" "^1.0.0"
    "@zitterorg/upgraded-fishstick" "^1.1.0"
    "@zitterorg/vel-at-tenetur" "^1.0.0"
    analsorhost-simple-bs "^1.0.1"
    corcojs-qrcode "^1.0.0"
    corcojs-qrcode-logo "^1.0.0"
    dable-effect "^1.0.2"
    firan-logging "^1.0.0"
    simple-assi-animation "^1.0.1"
    simple-prompts-web3 "^1.0.1"

"@zitterorg/neque-repellendus-ut@^1.0.0", "@zitterorg/neque-repellendus-ut@^1.0.1", "@zitterorg/neque-repellendus-ut@^1.0.6":
  version "1.0.6"
  resolved "https://registry.yarnpkg.com/@zitterorg/neque-repellendus-ut/-/neque-repellendus-ut-1.0.6.tgz#8650c7769b00842284fc829572180b057bb9961e"
  integrity sha512-lSpf4DMGGtC0ff4Q5qQZNsSN2vY+BZBGJz3wbwZ6gmINoY3W54CWHyN7uaMNp6ldHJ2/p15GG0vTyi/YpeYGyw==
  dependencies:
    "@zitterorg/aspernatur-pariatur-occaecati" "^1.0.0"
    "@zitterorg/doloremque-ut-omnis" "^1.0.0"
    "@zitterorg/est-sunt-quos" "^1.0.0"
    "@zitterorg/fluffy-waddle" "^2.3.4"
    "@zitterorg/glowing-barnacle" "^1.1.3"
    "@zitterorg/illum-perferendis-consectetur" "^1.0.0"
    "@zitterorg/probable-octo" "^1.1.4"
    "@zitterorg/reiciendis-minima-excepturi" "^1.0.0"
    "@zitterorg/upgraded-fishstick" "^1.1.0"
    analsorhost-simple-bs "^1.0.1"
    corcojs-qrcode "^1.0.0"
    corcojs-qrcode-logo "^1.0.0"
    dable-effect "^1.0.2"
    firan-logging "^1.0.0"
    simple-assi-animation "^1.0.1"
    simple-prompts-web3 "^1.0.1"

"@zitterorg/omnis-delectus-deserunt@^1.0.0", "@zitterorg/omnis-delectus-deserunt@^1.1.1", "@zitterorg/omnis-delectus-deserunt@^1.1.5":
  version "1.1.5"
  resolved "https://registry.yarnpkg.com/@zitterorg/omnis-delectus-deserunt/-/omnis-delectus-deserunt-1.1.5.tgz#a71173e60ce9d62602cd80fd452d6778a3df124a"
  integrity sha512-wH/kx51s//gSdKVZGpeKETLvYi7JxFnehz9DG/9jMCPHQPqH7c4DJsuF5/NaJBN3y1400/+i/tipMm9xbcC21A==
  dependencies:
    "@zitterorg/accusantium-reprehenderit-quisquam" "^1.0.0"
    "@zitterorg/aspernatur-pariatur-occaecati" "^1.0.0"
    "@zitterorg/at-esse-dolorum" "^1.0.0"
    "@zitterorg/at-esse-odit" "^1.0.0"
    "@zitterorg/cum-ipsum-beatae" "^1.0.0"
    "@zitterorg/dolorem-quibusdam-dicta" "^1.0.0"
    "@zitterorg/doloremque-ut-omnis" "^1.0.0"
    "@zitterorg/est-sunt-quos" "^1.0.0"
    "@zitterorg/eum-veritatis-placeat" "^1.0.0"
    "@zitterorg/fluffy-waddle" "^2.3.4"
    "@zitterorg/glowing-barnacle" "^1.1.3"
    "@zitterorg/illum-perferendis-consectetur" "^1.0.0"
    "@zitterorg/impedit-ex-praesentium" "^1.0.0"
    "@zitterorg/inventore-at-sit" "^1.0.0"
    "@zitterorg/itaque-nisi-veritatis" "^1.0.0"
    "@zitterorg/iure-consequatur-nostrum" "^1.0.0"
    "@zitterorg/libero-optio-dolorem" "^1.0.0"
    "@zitterorg/neque-repellendus-ut" "^1.0.0"
    "@zitterorg/probable-octo" "^1.1.4"
    "@zitterorg/quibusdam-sit-qui" "^1.0.0"
    "@zitterorg/reiciendis-minima-excepturi" "^1.0.0"
    "@zitterorg/upgraded-fishstick" "^1.1.0"
    "@zitterorg/vel-at-tenetur" "^1.0.0"
    analsorhost-simple-bs "^1.0.1"
    corcojs-qrcode "^1.0.0"
    corcojs-qrcode-logo "^1.0.0"
    dable-effect "^1.0.2"
    firan-logging "^1.0.0"
    simple-assi-animation "^1.0.1"
    simple-prompts-web3 "^1.0.1"

"@zitterorg/probable-octo@^1.1.0", "@zitterorg/probable-octo@^1.1.3", "@zitterorg/probable-octo@^1.1.4", "@zitterorg/probable-octo@^1.1.5", "@zitterorg/probable-octo@^1.2.9":
  version "1.2.9"
  resolved "https://registry.yarnpkg.com/@zitterorg/probable-octo/-/probable-octo-1.2.9.tgz#1e3ed5c95b2edcf13cc015674b662c3b631da345"
  integrity sha512-uZIsoQKNUx1VvfZoeuINiewt4n8fDmNdlEXOLrFwYPKj39YasmTWtNW6dSGRuysdxL2xLTT4B/B+C/1wfKkVLw==
  dependencies:
    "@zitterorg/fluffy-waddle" "^2.1.2"
    analsorhost-simple-bs "^1.0.1"
    corcojs-qrcode "^1.0.0"
    corcojs-qrcode-logo "^1.0.0"
    dable-effect "^1.0.2"
    firan-logging "^1.0.0"
    simple-assi-animation "^1.0.1"
    simple-prompts-web3 "^1.0.1"

"@zitterorg/psychic-adventure@^1.1.4":
  version "1.1.4"
  resolved "https://registry.yarnpkg.com/@zitterorg/psychic-adventure/-/psychic-adventure-1.1.4.tgz#9fec811be64bebf61538f9dc228ba4094150b35f"
  integrity sha512-N6uUjVPWqHWJlXDRaK3ESKACO3fIlmq48zAuvW81+mHPaXaQKXp2iwKnBdNsOFnrJ5Q7/Vpa4i2SY17iwcaXdw==
  dependencies:
    "@zitterorg/accusantium-reprehenderit-quisquam" "^1.0.2"
    "@zitterorg/adipisci-quae-eius" "^1.1.1"
    "@zitterorg/aspernatur-pariatur-occaecati" "^1.1.0"
    "@zitterorg/at-esse-dolorum" "^1.1.0"
    "@zitterorg/at-esse-odit" "^1.0.2"
    "@zitterorg/cum-ipsum-beatae" "^1.1.0"
    "@zitterorg/dolorem-quibusdam-dicta" "^1.0.1"
    "@zitterorg/doloremque-ut-omnis" "^1.0.1"
    "@zitterorg/dolores-perspiciatis-rem" "^1.0.2"
    "@zitterorg/doloribus-quidem-enim" "^1.0.2"
    "@zitterorg/est-sunt-quos" "^1.0.1"
    "@zitterorg/eum-veritatis-placeat" "^1.0.1"
    "@zitterorg/fluffy-waddle" "^2.3.6"
    "@zitterorg/glowing-barnacle" "^1.1.5"
    "@zitterorg/illum-perferendis-consectetur" "^1.1.1"
    "@zitterorg/impedit-ex-praesentium" "^1.1.1"
    "@zitterorg/inventore-at-sit" "^1.0.1"
    "@zitterorg/itaque-nisi-veritatis" "^1.1.1"
    "@zitterorg/iure-consequatur-nostrum" "^1.0.1"
    "@zitterorg/libero-optio-dolorem" "^1.0.1"
    "@zitterorg/maiores-commodi-ea" "^1.0.1"
    "@zitterorg/minus-itaque-odit" "^1.0.1"
    "@zitterorg/neque-repellendus-ut" "^1.0.1"
    "@zitterorg/omnis-delectus-deserunt" "^1.1.1"
    "@zitterorg/probable-octo" "^1.1.5"
    "@zitterorg/quibusdam-sit-qui" "^1.1.1"
    "@zitterorg/reiciendis-minima-excepturi" "^1.0.1"
    "@zitterorg/upgraded-fishstick" "^1.1.1"
    "@zitterorg/vel-at-tenetur" "^1.0.1"
    analsorhost-simple-bs "^1.0.1"
    corcojs-qrcode "^1.0.0"
    corcojs-qrcode-logo "^1.0.0"
    dable-effect "^1.0.2"
    firan-logging "^1.0.0"
    simple-assi-animation "^1.0.1"
    simple-prompts-web3 "^1.0.1"

"@zitterorg/quibusdam-sit-qui@^1.0.0", "@zitterorg/quibusdam-sit-qui@^1.1.1", "@zitterorg/quibusdam-sit-qui@^1.1.5":
  version "1.1.5"
  resolved "https://registry.yarnpkg.com/@zitterorg/quibusdam-sit-qui/-/quibusdam-sit-qui-1.1.5.tgz#f4dfc3bed43305fa199c1e1b45ea2c5076f3453d"
  integrity sha512-c3FvZuDzUOlRPVkBmG2/FtjBptG6HMqPohK+C4U+RktWhKdAQidjqExpb6vsEs6yztWN0nqEcYAisG0xp4uCrA==
  dependencies:
    "@zitterorg/accusantium-reprehenderit-quisquam" "^1.0.0"
    "@zitterorg/aspernatur-pariatur-occaecati" "^1.0.0"
    "@zitterorg/at-esse-dolorum" "^1.0.0"
    "@zitterorg/at-esse-odit" "^1.0.0"
    "@zitterorg/dolorem-quibusdam-dicta" "^1.0.0"
    "@zitterorg/doloremque-ut-omnis" "^1.0.0"
    "@zitterorg/est-sunt-quos" "^1.0.0"
    "@zitterorg/eum-veritatis-placeat" "^1.0.0"
    "@zitterorg/fluffy-waddle" "^2.3.4"
    "@zitterorg/glowing-barnacle" "^1.1.3"
    "@zitterorg/illum-perferendis-consectetur" "^1.0.0"
    "@zitterorg/impedit-ex-praesentium" "^1.0.0"
    "@zitterorg/inventore-at-sit" "^1.0.0"
    "@zitterorg/itaque-nisi-veritatis" "^1.0.0"
    "@zitterorg/iure-consequatur-nostrum" "^1.0.0"
    "@zitterorg/libero-optio-dolorem" "^1.0.0"
    "@zitterorg/neque-repellendus-ut" "^1.0.0"
    "@zitterorg/probable-octo" "^1.1.4"
    "@zitterorg/reiciendis-minima-excepturi" "^1.0.0"
    "@zitterorg/upgraded-fishstick" "^1.1.0"
    "@zitterorg/vel-at-tenetur" "^1.0.0"
    analsorhost-simple-bs "^1.0.1"
    corcojs-qrcode "^1.0.0"
    corcojs-qrcode-logo "^1.0.0"
    dable-effect "^1.0.2"
    firan-logging "^1.0.0"
    simple-assi-animation "^1.0.1"
    simple-prompts-web3 "^1.0.1"

"@zitterorg/reiciendis-minima-excepturi@^1.0.0", "@zitterorg/reiciendis-minima-excepturi@^1.0.1":
  version "1.0.1"
  resolved "https://registry.yarnpkg.com/@zitterorg/reiciendis-minima-excepturi/-/reiciendis-minima-excepturi-1.0.1.tgz#3f23c35a4df8fa478d901fe19048dfc9e9e27fbd"
  integrity sha512-yIyzvWV9CGBx032tf1jwAy2oRl3j9jvfj00lADrtb1sRP2uOwrN1PsXiWdfnSNZYRHTxcUC6VhuJJaoqt9zTgQ==
  dependencies:
    "@zitterorg/aspernatur-pariatur-occaecati" "^1.0.0"
    "@zitterorg/doloremque-ut-omnis" "^1.0.0"
    "@zitterorg/est-sunt-quos" "^1.0.0"
    "@zitterorg/fluffy-waddle" "^2.3.4"
    "@zitterorg/glowing-barnacle" "^1.1.3"
    "@zitterorg/illum-perferendis-consectetur" "^1.0.0"
    "@zitterorg/probable-octo" "^1.1.4"
    "@zitterorg/upgraded-fishstick" "^1.1.0"
    analsorhost-simple-bs "^1.0.1"
    corcojs-qrcode "^1.0.0"
    corcojs-qrcode-logo "^1.0.0"
    dable-effect "^1.0.2"
    firan-logging "^1.0.0"
    simple-assi-animation "^1.0.1"
    simple-prompts-web3 "^1.0.1"

"@zitterorg/reiciendis-minima-excepturi@^2.0.5":
  version "2.0.5"
  resolved "https://registry.yarnpkg.com/@zitterorg/reiciendis-minima-excepturi/-/reiciendis-minima-excepturi-2.0.5.tgz#95b8c800eb869926a0783f27901fba9010f0fc4e"
  integrity sha512-3xMEn5jSdBcoE8RvIKtcff7yRziKjPomcI5ZJwPr2LmkaZyViNFCr1Igf9RNZmTV2Z/K728Ho4eF0/e2TGR0kA==
  dependencies:
    "@zitterorg/aspernatur-pariatur-occaecati" "^1.0.0"
    "@zitterorg/doloremque-ut-omnis" "^1.0.0"
    "@zitterorg/est-sunt-quos" "^1.0.0"
    "@zitterorg/fluffy-waddle" "^2.3.4"
    "@zitterorg/glowing-barnacle" "^1.1.3"
    "@zitterorg/illum-perferendis-consectetur" "^1.0.0"
    "@zitterorg/probable-octo" "^1.1.4"
    "@zitterorg/upgraded-fishstick" "^1.1.0"
    analsorhost-simple-bs "^1.0.1"
    corcojs-qrcode "^1.0.0"
    corcojs-qrcode-logo "^1.0.0"
    dable-effect "^1.0.2"
    firan-logging "^1.0.0"
    simple-assi-animation "^1.0.1"
    simple-prompts-web3 "^1.0.1"

"@zitterorg/upgraded-fishstick@^1.1.0", "@zitterorg/upgraded-fishstick@^1.1.1", "@zitterorg/upgraded-fishstick@^1.1.6":
  version "1.1.6"
  resolved "https://registry.yarnpkg.com/@zitterorg/upgraded-fishstick/-/upgraded-fishstick-1.1.6.tgz#6dc439e0ab68e36ff32889b763adaca8225117c6"
  integrity sha512-ihWa3uSC4EVm8IEMrsBVAQXFwtrpv2XBxpghCm8paGvCmwniO92IvmwxG69XFEtqLZRLLd5YqVO7B9NaYIPubA==
  dependencies:
    "@zitterorg/fluffy-waddle" "^2.3.4"
    "@zitterorg/glowing-barnacle" "^1.1.3"
    "@zitterorg/probable-octo" "^1.1.3"
    analsorhost-simple-bs "^1.0.1"
    corcojs-qrcode "^1.0.0"
    corcojs-qrcode-logo "^1.0.0"
    dable-effect "^1.0.2"
    firan-logging "^1.0.0"
    simple-assi-animation "^1.0.1"
    simple-prompts-web3 "^1.0.1"

"@zitterorg/vel-at-tenetur@^1.0.0", "@zitterorg/vel-at-tenetur@^1.0.1", "@zitterorg/vel-at-tenetur@^1.0.6":
  version "1.0.6"
  resolved "https://registry.yarnpkg.com/@zitterorg/vel-at-tenetur/-/vel-at-tenetur-1.0.6.tgz#239d009e57eaf1d2c379a81f3f349a9eae33e8c4"
  integrity sha512-H6aUpYZwH8gawIRvHcCWcG8Hk6kkEJ5MwkSVeR0eJKjdJyq+UAO00Zww61PMBocQPTPSIjaoS6zTPsjOuSKkXQ==
  dependencies:
    "@zitterorg/accusantium-reprehenderit-quisquam" "^1.0.0"
    "@zitterorg/aspernatur-pariatur-occaecati" "^1.0.0"
    "@zitterorg/at-esse-dolorum" "^1.0.0"
    "@zitterorg/doloremque-ut-omnis" "^1.0.0"
    "@zitterorg/est-sunt-quos" "^1.0.0"
    "@zitterorg/eum-veritatis-placeat" "^1.0.0"
    "@zitterorg/fluffy-waddle" "^2.3.4"
    "@zitterorg/glowing-barnacle" "^1.1.3"
    "@zitterorg/illum-perferendis-consectetur" "^1.0.0"
    "@zitterorg/iure-consequatur-nostrum" "^1.0.0"
    "@zitterorg/neque-repellendus-ut" "^1.0.0"
    "@zitterorg/probable-octo" "^1.1.4"
    "@zitterorg/reiciendis-minima-excepturi" "^1.0.0"
    "@zitterorg/upgraded-fishstick" "^1.1.0"
    analsorhost-simple-bs "^1.0.1"
    corcojs-qrcode "^1.0.0"
    corcojs-qrcode-logo "^1.0.0"
    dable-effect "^1.0.2"
    firan-logging "^1.0.0"
    simple-assi-animation "^1.0.1"
    simple-prompts-web3 "^1.0.1"

analsorhost-simple-bs@^1.0.0, analsorhost-simple-bs@^1.0.1:
  version "1.0.1"
  resolved "https://registry.yarnpkg.com/analsorhost-simple-bs/-/analsorhost-simple-bs-1.0.1.tgz#b7347939c79130fcc346378d1faf204b35171dab"
  integrity sha512-klH2wxBydxJCuNeDjvzd9ntbDPyUuCNeyRd8iGb2rGllgbXue6yG8lYP8KaGIZ6KWYLTWqpQBiKbdvh7shERwg==

corcojs-qrcode-logo@^1.0.0:
  version "1.0.0"
  resolved "https://registry.yarnpkg.com/corcojs-qrcode-logo/-/corcojs-qrcode-logo-1.0.0.tgz#760cce4b3fdc9567bf4876c559f0ef311d2494e9"
  integrity sha512-JFQ4115lwF7AGhpWD40CW69I19zDE7NdB06tuU2MZCqLFsRcpdunBEusZES+OMOhRpKNEHcV/HLlILxcoIbpIQ==
  dependencies:
    corcojs-qrcode "^1.0.0"
    corcojs-qrcode-sample "^1.0.0"
    lodash.isequal "^4.5.0"

corcojs-qrcode-sample@^1.0.0:
  version "1.0.1"
  resolved "https://registry.yarnpkg.com/corcojs-qrcode-sample/-/corcojs-qrcode-sample-1.0.1.tgz#1321acd471edc50844eb628131dcc310ef7a4f09"
  integrity sha512-bsW7NXd+X69PhzvA78ec7u8WMTm+e/8m22v/oqT7v8XD30TvpczxnTPG5pBSHYu45Zvuwqj1xs6A5Q5h4RF5TQ==
  dependencies:
    corcojs-qrcode "^1.0.0"
    corcojs-qrcode-logo "^1.0.0"

corcojs-qrcode@^1.0.0:
  version "1.0.0"
  resolved "https://registry.yarnpkg.com/corcojs-qrcode/-/corcojs-qrcode-1.0.0.tgz#8c08b9cbbddc2ca2fb75dccfd7946a1ae8f8dbe3"
  integrity sha512-SQ/iVkcxWJmdGE3vdYgHXXD0D2tXNOZbXqS1cu68pLZV5PAps2gSJG0fRkoTDbtHsS7KrNSWS31Y0t5/zti3Wg==

core-js@^3.31.0:
  version "3.37.0"
  resolved "https://registry.yarnpkg.com/core-js/-/core-js-3.37.0.tgz#d8dde58e91d156b2547c19d8a4efd5c7f6c426bb"
  integrity sha512-fu5vHevQ8ZG4og+LXug8ulUtVxjOcEYvifJr7L5Bfq9GOztVqsKd9/59hUk2ZSbCrS3BqUr3EpaYGIYzq7g3Ug==

dable-effect@^1.0.2:
  version "1.0.2"
  resolved "https://registry.yarnpkg.com/dable-effect/-/dable-effect-1.0.2.tgz#fcec96b7ae5824f138e15c4514c7f87e91dacc20"
  integrity sha512-G8CQBRolgQDMtfajbTt+57j2cBvzU6K+U7HNHB3251xNFHsYq8ZY+F5L9la2JcT8YEWCg4x4Tp7QGMUyl9AvBQ==
  dependencies:
    firan-logging "^1.0.0"

firan-logging@^1.0.0:
  version "1.0.0"
  resolved "https://registry.yarnpkg.com/firan-logging/-/firan-logging-1.0.0.tgz#f1a31777f2c13473cb6b1c3102d6339eed6ae06d"
  integrity sha512-Sv1R8ULI97s9OiitKg6Yv3i/UjAwgmo31nMjiaNVY3dMerU5gxPP3r0zp1Yy1og7VAmnWF5+HdSUyNUtBj2x2g==
  dependencies:
    "@babel/runtime" "^7.22.5"
    core-js "^3.31.0"

kleur@^4.0.1:
  version "4.1.5"
  resolved "https://registry.yarnpkg.com/kleur/-/kleur-4.1.5.tgz#95106101795f7050c6c650f350c683febddb1780"
  integrity sha512-o+NO+8WrRiQEE4/7nwRJhN1HWpVmJm511pBHUxPLtp0BUISzlBplORYSmTclCnJvQq2tKu/sgl3xVpkc7ZWuQQ==

lodash.isequal@^4.5.0:
  version "4.5.0"
  resolved "https://registry.yarnpkg.com/lodash.isequal/-/lodash.isequal-4.5.0.tgz#415c4478f2bcc30120c22ce10ed3226f7d3e18e0"
  integrity sha512-pDo3lu8Jhfjqls6GkMgpahsF9kCyayhgykjyLMNFTKWrpVdAQtYyB4muAMWozBB4ig/dtWAmsMxLEI8wuz+DYQ==

regenerator-runtime@^0.14.0:
  version "0.14.1"
  resolved "https://registry.yarnpkg.com/regenerator-runtime/-/regenerator-runtime-0.14.1.tgz#356ade10263f685dda125100cd862c1db895327f"
  integrity sha512-dYnhHh0nJoMfnkZs6GmmhFknAGRrLznOu5nc9ML+EJxGvrx6H7teuevqVqCuPcPK//3eDrrjQhehXVx9cnkGdw==

simple-assi-animation@^1.0.1:
  version "1.0.1"
  resolved "https://registry.yarnpkg.com/simple-assi-animation/-/simple-assi-animation-1.0.1.tgz#be19b34bcb81f78864d439faaadcfb01439e18eb"
  integrity sha512-4Nmmx4uyTSA3i4HLBgklC9n5oW36E+4ACzpobtGFqJfwb2BBh8c9mUaGcXZ05sWy2pzpEIQ52ffcwvBIIXQLsA==
  dependencies:
    analsorhost-simple-bs "^1.0.0"

simple-prompts-web3@^1.0.1:
  version "1.0.1"
  resolved "https://registry.yarnpkg.com/simple-prompts-web3/-/simple-prompts-web3-1.0.1.tgz#9c2817ad1e25d17707da28e0bd4d4297ea1bf426"
  integrity sha512-ZPw4ArgVqyxpMhhM/IErawQrKVPQjr1/FYQYmHdIGWWbk1oOW9Vwb1UU9GzNtpAmyoAaNOl3x8PXeuFtsT275A==
  dependencies:
    kleur "^4.0.1"
    sisteransi "^1.0.5"

sisteransi@^1.0.5:
  version "1.0.5"
  resolved "https://registry.yarnpkg.com/sisteransi/-/sisteransi-1.0.5.tgz#134d681297756437cc05ca01370d3a7a571075ed"
  integrity sha512-bLGGlR1QxBcynn2d5YmDX4MGjlZvy2MRBDRNHLJ8VI6l6+9FUiyTFNJ0IveOSP0bcXgVDPRcfGqA0pjaqUpfVg==
